# This file is automatically @generated by Cargo.
# It is not intended for manual editing.
version = 3

[[package]]
name = "rust-hangman"
version = "0.1.0"
dependencies = [
 "words",
]

[[package]]
name = "words"
version = "0.1.2"
source = "registry+https://github.com/rust-lang/crates.io-index"
checksum = "d14ac1e3ea62df9eeac58cbbde703a12f6640676d1d37b7b46827d3097876318"
